
Microsoft Visual Studio Solution File, Format Version 12.00
# Visual Studio Version 16
VisualStudioVersion = 16.0.30907.101
MinimumVisualStudioVersion = 10.0.40219.1
Project("{FAE04EC0-301F-11D3-BF4B-00C04F79EFBC}") = "Vidly", "Vidly\Vidly.csproj", "{B9E94CC0-C7EF-482B-8285-937188E67092}"
EndProject
Global
	GlobalSection(SolutionConfigurationPlatforms) = preSolution
		Debug|Any CPU = Debug|Any CPU
		Release|Any CPU = Release|Any CPU
	EndGlobalSection
	GlobalSection(ProjectConfigurationPlatforms) = postSolution
		{B9E94CC0-C7EF-482B-8285-937188E67092}.Debug|Any CPU.ActiveCfg = Debug|Any CPU
		{B9E94CC0-C7EF-482B-8285-937188E67092}.Debug|Any CPU.Build.0 = Debug|Any CPU
		{B9E94CC0-C7EF-482B-8285-937188E67092}.Release|Any CPU.ActiveCfg = Release|Any CPU
		{B9E94CC0-C7EF-482B-8285-937188E67092}.Release|Any CPU.Build.0 = Release|Any CPU
	EndGlobalSection
	GlobalSection(SolutionProperties) = preSolution
		HideSolutionNode = FALSE
	EndGlobalSection
	GlobalSection(ExtensibilityGlobals) = postSolution
		SolutionGuid = {F4427C93-7700-4884-8C12-312D045E3672}
	EndGlobalSection
EndGlobal
